
Microsoft Visual Studio Solution File, Format Version 12.00
# Visual Studio Version 16
VisualStudioVersion = 16.0.30011.22
MinimumVisualStudioVersion = 10.0.40219.1
Project("{9A19103F-16F7-4668-BE54-9A1E7A4F7556}") = "RadioStation.Crawler", "RadioStation.Crawler\RadioStation.Crawler.csproj", "{349372B9-CD8E-4B6D-A2DA-F2FF27CBA369}"
EndProject
Project("{9A19103F-16F7-4668-BE54-9A1E7A4F7556}") = "RadioStation.Crawler.Model", "RadioStation.Crawler.Model\RadioStation.Crawler.Model.csproj", "{672B690A-ABA9-4018-9BE6-F470A3DF939E}"
EndProject
Project("{9A19103F-16F7-4668-BE54-9A1E7A4F7556}") = "RadioStation.Crawler.Database", "RadioStation.Crawler.Data\RadioStation.Crawler.Database.csproj", "{F85027B3-FED8-4DD7-82B5-5F6688CB3258}"
EndProject
Project("{9A19103F-16F7-4668-BE54-9A1E7A4F7556}") = "RadioStation.Crawler.Core", "RadioStation.Crawler.Core\RadioStation.Crawler.Core.csproj", "{A7797F5E-65C0-4B7B-9798-4E98BA291D7E}"
EndProject
Project("{FAE04EC0-301F-11D3-BF4B-00C04F79EFBC}") = "RadioStation.Crawler.MetaTagger", "RadioStation.Crawler.MetaTagger\RadioStation.Crawler.MetaTagger.csproj", "{F4463CAD-68A8-49ED-A02A-87FE550D2343}"
EndProject
Global
	GlobalSection(SolutionConfigurationPlatforms) = preSolution
		Debug|Any CPU = Debug|Any CPU
		Release|Any CPU = Release|Any CPU
	EndGlobalSection
	GlobalSection(ProjectConfigurationPlatforms) = postSolution
		{349372B9-CD8E-4B6D-A2DA-F2FF27CBA369}.Debug|Any CPU.ActiveCfg = Debug|Any CPU
		{349372B9-CD8E-4B6D-A2DA-F2FF27CBA369}.Debug|Any CPU.Build.0 = Debug|Any CPU
		{349372B9-CD8E-4B6D-A2DA-F2FF27CBA369}.Release|Any CPU.ActiveCfg = Release|Any CPU
		{349372B9-CD8E-4B6D-A2DA-F2FF27CBA369}.Release|Any CPU.Build.0 = Release|Any CPU
		{672B690A-ABA9-4018-9BE6-F470A3DF939E}.Debug|Any CPU.ActiveCfg = Debug|Any CPU
		{672B690A-ABA9-4018-9BE6-F470A3DF939E}.Debug|Any CPU.Build.0 = Debug|Any CPU
		{672B690A-ABA9-4018-9BE6-F470A3DF939E}.Release|Any CPU.ActiveCfg = Release|Any CPU
		{672B690A-ABA9-4018-9BE6-F470A3DF939E}.Release|Any CPU.Build.0 = Release|Any CPU
		{F85027B3-FED8-4DD7-82B5-5F6688CB3258}.Debug|Any CPU.ActiveCfg = Debug|Any CPU
		{F85027B3-FED8-4DD7-82B5-5F6688CB3258}.Debug|Any CPU.Build.0 = Debug|Any CPU
		{F85027B3-FED8-4DD7-82B5-5F6688CB3258}.Release|Any CPU.ActiveCfg = Release|Any CPU
		{F85027B3-FED8-4DD7-82B5-5F6688CB3258}.Release|Any CPU.Build.0 = Release|Any CPU
		{A7797F5E-65C0-4B7B-9798-4E98BA291D7E}.Debug|Any CPU.ActiveCfg = Debug|Any CPU
		{A7797F5E-65C0-4B7B-9798-4E98BA291D7E}.Debug|Any CPU.Build.0 = Debug|Any CPU
		{A7797F5E-65C0-4B7B-9798-4E98BA291D7E}.Release|Any CPU.ActiveCfg = Release|Any CPU
		{A7797F5E-65C0-4B7B-9798-4E98BA291D7E}.Release|Any CPU.Build.0 = Release|Any CPU
		{F4463CAD-68A8-49ED-A02A-87FE550D2343}.Debug|Any CPU.ActiveCfg = Debug|Any CPU
		{F4463CAD-68A8-49ED-A02A-87FE550D2343}.Debug|Any CPU.Build.0 = Debug|Any CPU
		{F4463CAD-68A8-49ED-A02A-87FE550D2343}.Release|Any CPU.ActiveCfg = Release|Any CPU
		{F4463CAD-68A8-49ED-A02A-87FE550D2343}.Release|Any CPU.Build.0 = Release|Any CPU
	EndGlobalSection
	GlobalSection(SolutionProperties) = preSolution
		HideSolutionNode = FALSE
	EndGlobalSection
	GlobalSection(ExtensibilityGlobals) = postSolution
		SolutionGuid = {3E228D0C-AFF7-464D-B766-2229237153DF}
	EndGlobalSection
EndGlobal
